
Microsoft Visual Studio Solution File, Format Version 12.00
# Visual Studio Version 17
VisualStudioVersion = 17.8.34525.116
MinimumVisualStudioVersion = 10.0.40219.1
Project("{FAE04EC0-301F-11D3-BF4B-00C04F79EFBC}") = "CRUP.MinimalAPI", "CRUP.MinimalAPI\CRUP.MinimalAPI.csproj", "{AA9E93F6-7D81-446C-B501-82301EDF4D34}"
EndProject
Global
	GlobalSection(SolutionConfigurationPlatforms) = preSolution
		Debug|Any CPU = Debug|Any CPU
		Release|Any CPU = Release|Any CPU
	EndGlobalSection
	GlobalSection(ProjectConfigurationPlatforms) = postSolution
		{AA9E93F6-7D81-446C-B501-82301EDF4D34}.Debug|Any CPU.ActiveCfg = Debug|Any CPU
		{AA9E93F6-7D81-446C-B501-82301EDF4D34}.Debug|Any CPU.Build.0 = Debug|Any CPU
		{AA9E93F6-7D81-446C-B501-82301EDF4D34}.Release|Any CPU.ActiveCfg = Release|Any CPU
		{AA9E93F6-7D81-446C-B501-82301EDF4D34}.Release|Any CPU.Build.0 = Release|Any CPU
	EndGlobalSection
	GlobalSection(SolutionProperties) = preSolution
		HideSolutionNode = FALSE
	EndGlobalSection
	GlobalSection(ExtensibilityGlobals) = postSolution
		SolutionGuid = {92CF53B5-8739-4C37-A1AD-9E9895839032}
	EndGlobalSection
EndGlobal
